
Microsoft Visual Studio Solution File, Format Version 12.00
# Visual Studio Version 17
VisualStudioVersion = 17.6.33829.357
MinimumVisualStudioVersion = 10.0.40219.1
Project("{FAE04EC0-301F-11D3-BF4B-00C04F79EFBC}") = "ClientProcessingApp", "ClientProcessingApp\ClientProcessingApp.csproj", "{9D97DA85-5215-4E81-AD2B-3757FBF92513}"
EndProject
Project("{FAE04EC0-301F-11D3-BF4B-00C04F79EFBC}") = "Data", "Data\Data.csproj", "{C7ECB1E7-C2B8-4FA1-B4E4-852FC764656B}"
EndProject
Project("{FAE04EC0-301F-11D3-BF4B-00C04F79EFBC}") = "Domain", "Domain\Domain.csproj", "{842E319C-CC70-4BE3-A0B5-40C4C48DB177}"
EndProject
Project("{FAE04EC0-301F-11D3-BF4B-00C04F79EFBC}") = "Service", "Service\Service.csproj", "{31470416-423C-4532-A785-EA15DB4F592F}"
EndProject
Global
	GlobalSection(SolutionConfigurationPlatforms) = preSolution
		Debug|Any CPU = Debug|Any CPU
		Release|Any CPU = Release|Any CPU
	EndGlobalSection
	GlobalSection(ProjectConfigurationPlatforms) = postSolution
		{9D97DA85-5215-4E81-AD2B-3757FBF92513}.Debug|Any CPU.ActiveCfg = Debug|Any CPU
		{9D97DA85-5215-4E81-AD2B-3757FBF92513}.Debug|Any CPU.Build.0 = Debug|Any CPU
		{9D97DA85-5215-4E81-AD2B-3757FBF92513}.Release|Any CPU.ActiveCfg = Release|Any CPU
		{9D97DA85-5215-4E81-AD2B-3757FBF92513}.Release|Any CPU.Build.0 = Release|Any CPU
		{C7ECB1E7-C2B8-4FA1-B4E4-852FC764656B}.Debug|Any CPU.ActiveCfg = Debug|Any CPU
		{C7ECB1E7-C2B8-4FA1-B4E4-852FC764656B}.Debug|Any CPU.Build.0 = Debug|Any CPU
		{C7ECB1E7-C2B8-4FA1-B4E4-852FC764656B}.Release|Any CPU.ActiveCfg = Release|Any CPU
		{C7ECB1E7-C2B8-4FA1-B4E4-852FC764656B}.Release|Any CPU.Build.0 = Release|Any CPU
		{842E319C-CC70-4BE3-A0B5-40C4C48DB177}.Debug|Any CPU.ActiveCfg = Debug|Any CPU
		{842E319C-CC70-4BE3-A0B5-40C4C48DB177}.Debug|Any CPU.Build.0 = Debug|Any CPU
		{842E319C-CC70-4BE3-A0B5-40C4C48DB177}.Release|Any CPU.ActiveCfg = Release|Any CPU
		{842E319C-CC70-4BE3-A0B5-40C4C48DB177}.Release|Any CPU.Build.0 = Release|Any CPU
		{31470416-423C-4532-A785-EA15DB4F592F}.Debug|Any CPU.ActiveCfg = Debug|Any CPU
		{31470416-423C-4532-A785-EA15DB4F592F}.Debug|Any CPU.Build.0 = Debug|Any CPU
		{31470416-423C-4532-A785-EA15DB4F592F}.Release|Any CPU.ActiveCfg = Release|Any CPU
		{31470416-423C-4532-A785-EA15DB4F592F}.Release|Any CPU.Build.0 = Release|Any CPU
	EndGlobalSection
	GlobalSection(SolutionProperties) = preSolution
		HideSolutionNode = FALSE
	EndGlobalSection
	GlobalSection(ExtensibilityGlobals) = postSolution
		SolutionGuid = {90908ED3-4DA1-4141-8349-A792614A2C5A}
	EndGlobalSection
EndGlobal
